// !$*UTF8*$!
{
	archiveVersion = 1;
	classes = {
	};
	objectVersion = 77;
	objects = {

/* Begin PBXBuildFile section */
		262EDDC82DE71AE9000EFA24 /* FirebaseAuth in Frameworks */ = {isa = PBXBuildFile; productRef = 262EDDC72DE71AE9000EFA24 /* FirebaseAuth */; };
		262EDDCA2DE71AE9000EFA24 /* FirebaseDatabase in Frameworks */ = {isa = PBXBuildFile; productRef = 262EDDC92DE71AE9000EFA24 /* FirebaseDatabase */; };
		262EDDCC2DE71AE9000EFA24 /* FirebaseFirestore in Frameworks */ = {isa = PBXBuildFile; productRef = 262EDDCB2DE71AE9000EFA24 /* FirebaseFirestore */; };
		2662666E2DF0F36100D271CE /* FirebaseStorage in Frameworks */ = {isa = PBXBuildFile; productRef = 2662666D2DF0F36100D271CE /* FirebaseStorage */; };
/* End PBXBuildFile section */

/* Begin PBXContainerItemProxy section */
		263CD1CB2DE43D920034A7E9 /* PBXContainerItemProxy */ = {
			isa = PBXContainerItemProxy;
			containerPortal = 263CD1B22DE43D900034A7E9 /* Project object */;
			proxyType = 1;
			remoteGlobalIDString = 263CD1B92DE43D900034A7E9;
			remoteInfo = Trivialno;
		};
		263CD1D52DE43D920034A7E9 /* PBXContainerItemProxy */ = {
			isa = PBXContainerItemProxy;
			containerPortal = 263CD1B22DE43D900034A7E9 /* Project object */;
			proxyType = 1;
			remoteGlobalIDString = 263CD1B92DE43D900034A7E9;
			remoteInfo = Trivialno;
		};
/* End PBXContainerItemProxy section */

/* Begin PBXFileReference section */
		263CD1BA2DE43D900034A7E9 /* Trivialno.app */ = {isa = PBXFileReference; explicitFileType = wrapper.application; includeInIndex = 0; path = Trivialno.app; sourceTree = BUILT_PRODUCTS_DIR; };
		263CD1CA2DE43D920034A7E9 /* TrivialnoTests.xctest */ = {isa = PBXFileReference; explicitFileType = wrapper.cfbundle; includeInIndex = 0; path = TrivialnoTests.xctest; sourceTree = BUILT_PRODUCTS_DIR; };
		263CD1D42DE43D920034A7E9 /* TrivialnoUITests.xctest */ = {isa = PBXFileReference; explicitFileType = wrapper.cfbundle; includeInIndex = 0; path = TrivialnoUITests.xctest; sourceTree = BUILT_PRODUCTS_DIR; };
/* End PBXFileReference section */

/* Begin PBXFileSystemSynchronizedBuildFileExceptionSet section */
		262EDDC42DE7187C000EFA24 /* Exceptions for "Trivialno" folder in "TrivialnoTests" target */ = {
			isa = PBXFileSystemSynchronizedBuildFileExceptionSet;
			membershipExceptions = (
				"GoogleService-Info.plist",
			);
			target = 263CD1C92DE43D920034A7E9 /* TrivialnoTests */;
		};
		262EDDC52DE7187C000EFA24 /* Exceptions for "Trivialno" folder in "TrivialnoUITests" target */ = {
			isa = PBXFileSystemSynchronizedBuildFileExceptionSet;
			membershipExceptions = (
				"GoogleService-Info.plist",
			);
			target = 263CD1D32DE43D920034A7E9 /* TrivialnoUITests */;
		};
/* End PBXFileSystemSynchronizedBuildFileExceptionSet section */

/* Begin PBXFileSystemSynchronizedRootGroup section */
		263CD1BC2DE43D900034A7E9 /* Trivialno */ = {
			isa = PBXFileSystemSynchronizedRootGroup;
			exceptions = (
				262EDDC42DE7187C000EFA24 /* Exceptions for "Trivialno" folder in "TrivialnoTests" target */,
				262EDDC52DE7187C000EFA24 /* Exceptions for "Trivialno" folder in "TrivialnoUITests" target */,
			);
			path = Trivialno;
			sourceTree = "<group>";
		};
		263CD1CD2DE43D920034A7E9 /* TrivialnoTests */ = {
			isa = PBXFileSystemSynchronizedRootGroup;
			path = TrivialnoTests;
			sourceTree = "<group>";
		};
		263CD1D72DE43D920034A7E9 /* TrivialnoUITests */ = {
			isa = PBXFileSystemSynchronizedRootGroup;
			path = TrivialnoUITests;
			sourceTree = "<group>";
		};
/* End PBXFileSystemSynchronizedRootGroup section */

/* Begin PBXFrameworksBuildPhase section */
		263CD1B72DE43D900034A7E9 /* Frameworks */ = {
			isa = PBXFrameworksBuildPhase;
			buildActionMask = 2147483647;
			files = (
				262EDDCA2DE71AE9000EFA24 /* FirebaseDatabase in Frameworks */,
				2662666E2DF0F36100D271CE /* FirebaseStorage in Frameworks */,
				262EDDC82DE71AE9000EFA24 /* FirebaseAuth in Frameworks */,
				262EDDCC2DE71AE9000EFA24 /* FirebaseFirestore in Frameworks */,
			);
			runOnlyForDeploymentPostprocessing = 0;
		};
		263CD1C72DE43D920034A7E9 /* Frameworks */ = {
			isa = PBXFrameworksBuildPhase;
			buildActionMask = 2147483647;
			files = (
			);
			runOnlyForDeploymentPostprocessing = 0;
		};
		263CD1D12DE43D920034A7E9 /* Frameworks */ = {
			isa = PBXFrameworksBuildPhase;
			buildActionMask = 2147483647;
			files = (
			);
			runOnlyForDeploymentPostprocessing = 0;
		};
/* End PBXFrameworksBuildPhase section */

/* Begin PBXGroup section */
		263CD1B12DE43D900034A7E9 = {
			isa = PBXGroup;
			children = (
				263CD1BC2DE43D900034A7E9 /* Trivialno */,
				263CD1CD2DE43D920034A7E9 /* TrivialnoTests */,
				263CD1D72DE43D920034A7E9 /* TrivialnoUITests */,
				263CD1BB2DE43D900034A7E9 /* Products */,
			);
			sourceTree = "<group>";
		};
		263CD1BB2DE43D900034A7E9 /* Products */ = {
			isa = PBXGroup;
			children = (
				263CD1BA2DE43D900034A7E9 /* Trivialno.app */,
				263CD1CA2DE43D920034A7E9 /* TrivialnoTests.xctest */,
				263CD1D42DE43D920034A7E9 /* TrivialnoUITests.xctest */,
			);
			name = Products;
			sourceTree = "<group>";
		};
/* End PBXGroup section */

/* Begin PBXNativeTarget section */
		263CD1B92DE43D900034A7E9 /* Trivialno */ = {
			isa = PBXNativeTarget;
			buildConfigurationList = 263CD1DE2DE43D920034A7E9 /* Build configuration list for PBXNativeTarget "Trivialno" */;
			buildPhases = (
				263CD1B62DE43D900034A7E9 /* Sources */,
				263CD1B72DE43D900034A7E9 /* Frameworks */,
				263CD1B82DE43D900034A7E9 /* Resources */,
			);
			buildRules = (
			);
			dependencies = (
			);
			fileSystemSynchronizedGroups = (
				263CD1BC2DE43D900034A7E9 /* Trivialno */,
			);
			name = Trivialno;
			packageProductDependencies = (
				262EDDC72DE71AE9000EFA24 /* FirebaseAuth */,
				262EDDC92DE71AE9000EFA24 /* FirebaseDatabase */,
				262EDDCB2DE71AE9000EFA24 /* FirebaseFirestore */,
				2662666D2DF0F36100D271CE /* FirebaseStorage */,
			);
			productName = Trivialno;
			productReference = 263CD1BA2DE43D900034A7E9 /* Trivialno.app */;
			productType = "com.apple.product-type.application";
		};
		263CD1C92DE43D920034A7E9 /* TrivialnoTests */ = {
			isa = PBXNativeTarget;
			buildConfigurationList = 263CD1E12DE43D920034A7E9 /* Build configuration list for PBXNativeTarget "TrivialnoTests" */;
			buildPhases = (
				263CD1C62DE43D920034A7E9 /* Sources */,
				263CD1C72DE43D920034A7E9 /* Frameworks */,
				263CD1C82DE43D920034A7E9 /* Resources */,
			);
			buildRules = (
			);
			dependencies = (
				263CD1CC2DE43D920034A7E9 /* PBXTargetDependency */,
			);
			fileSystemSynchronizedGroups = (
				263CD1CD2DE43D920034A7E9 /* TrivialnoTests */,
			);
			name = TrivialnoTests;
			packageProductDependencies = (
			);
			productName = TrivialnoTests;
			productReference = 263CD1CA2DE43D920034A7E9 /* TrivialnoTests.xctest */;
			productType = "com.apple.product-type.bundle.unit-test";
		};
		263CD1D32DE43D920034A7E9 /* TrivialnoUITests */ = {
			isa = PBXNativeTarget;
			buildConfigurationList = 263CD1E42DE43D920034A7E9 /* Build configuration list for PBXNativeTarget "TrivialnoUITests" */;
			buildPhases = (
				263CD1D02DE43D920034A7E9 /* Sources */,
				263CD1D12DE43D920034A7E9 /* Frameworks */,
				263CD1D22DE43D920034A7E9 /* Resources */,
			);
			buildRules = (
			);
			dependencies = (
				263CD1D62DE43D920034A7E9 /* PBXTargetDependency */,
			);
			fileSystemSynchronizedGroups = (
				263CD1D72DE43D920034A7E9 /* TrivialnoUITests */,
			);
			name = TrivialnoUITests;
			packageProductDependencies = (
			);
			productName = TrivialnoUITests;
			productReference = 263CD1D42DE43D920034A7E9 /* TrivialnoUITests.xctest */;
			productType = "com.apple.product-type.bundle.ui-testing";
		};
/* End PBXNativeTarget section */

/* Begin PBXProject section */
		263CD1B22DE43D900034A7E9 /* Project object */ = {
			isa = PBXProject;
			attributes = {
				BuildIndependentTargetsInParallel = 1;
				LastSwiftUpdateCheck = 1620;
				LastUpgradeCheck = 1620;
				TargetAttributes = {
					263CD1B92DE43D900034A7E9 = {
						CreatedOnToolsVersion = 16.2;
					};
					263CD1C92DE43D920034A7E9 = {
						CreatedOnToolsVersion = 16.2;
						TestTargetID = 263CD1B92DE43D900034A7E9;
					};
					263CD1D32DE43D920034A7E9 = {
						CreatedOnToolsVersion = 16.2;
						TestTargetID = 263CD1B92DE43D900034A7E9;
					};
				};
			};
			buildConfigurationList = 263CD1B52DE43D900034A7E9 /* Build configuration list for PBXProject "Trivialno" */;
			developmentRegion = en;
			hasScannedForEncodings = 0;
			knownRegions = (
				en,
				Base,
				hr,
				de,
			);
			mainGroup = 263CD1B12DE43D900034A7E9;
			minimizedProjectReferenceProxies = 1;
			packageReferences = (
				262EDDC62DE71AE9000EFA24 /* XCRemoteSwiftPackageReference "firebase-ios-sdk" */,
			);
			preferredProjectObjectVersion = 77;
			productRefGroup = 263CD1BB2DE43D900034A7E9 /* Products */;
			projectDirPath = "";
			projectRoot = "";
			targets = (
				263CD1B92DE43D900034A7E9 /* Trivialno */,
				263CD1C92DE43D920034A7E9 /* TrivialnoTests */,
				263CD1D32DE43D920034A7E9 /* TrivialnoUITests */,
			);
		};
/* End PBXProject section */

/* Begin PBXResourcesBuildPhase section */
		263CD1B82DE43D900034A7E9 /* Resources */ = {
			isa = PBXResourcesBuildPhase;
			buildActionMask = 2147483647;
			files = (
			);
			runOnlyForDeploymentPostprocessing = 0;
		};
		263CD1C82DE43D920034A7E9 /* Resources */ = {
			isa = PBXResourcesBuildPhase;
			buildActionMask = 2147483647;
			files = (
			);
			runOnlyForDeploymentPostprocessing = 0;
		};
		263CD1D22DE43D920034A7E9 /* Resources */ = {
			isa = PBXResourcesBuildPhase;
			buildActionMask = 2147483647;
			files = (
			);
			runOnlyForDeploymentPostprocessing = 0;
		};
/* End PBXResourcesBuildPhase section */

/* Begin PBXSourcesBuildPhase section */
		263CD1B62DE43D900034A7E9 /* Sources */ = {
			isa = PBXSourcesBuildPhase;
			buildActionMask = 2147483647;
			files = (
			);
			runOnlyForDeploymentPostprocessing = 0;
		};
		263CD1C62DE43D920034A7E9 /* Sources */ = {
			isa = PBXSourcesBuildPhase;
			buildActionMask = 2147483647;
			files = (
			);
			runOnlyForDeploymentPostprocessing = 0;
		};
		263CD1D02DE43D920034A7E9 /* Sources */ = {
			isa = PBXSourcesBuildPhase;
			buildActionMask = 2147483647;
			files = (
			);
			runOnlyForDeploymentPostprocessing = 0;
		};
/* End PBXSourcesBuildPhase section */

/* Begin PBXTargetDependency section */
		263CD1CC2DE43D920034A7E9 /* PBXTargetDependency */ = {
			isa = PBXTargetDependency;
			target = 263CD1B92DE43D900034A7E9 /* Trivialno */;
			targetProxy = 263CD1CB2DE43D920034A7E9 /* PBXContainerItemProxy */;
		};
		263CD1D62DE43D920034A7E9 /* PBXTargetDependency */ = {
			isa = PBXTargetDependency;
			target = 263CD1B92DE43D900034A7E9 /* Trivialno */;
			targetProxy = 263CD1D52DE43D920034A7E9 /* PBXContainerItemProxy */;
		};
/* End PBXTargetDependency section */

/* Begin XCBuildConfiguration section */
		263CD1DC2DE43D920034A7E9 /* Debug */ = {
			isa = XCBuildConfiguration;
			buildSettings = {
				ALWAYS_SEARCH_USER_PATHS = NO;
				ASSETCATALOG_COMPILER_GENERATE_SWIFT_ASSET_SYMBOL_EXTENSIONS = YES;
				CLANG_ANALYZER_NONNULL = YES;
				CLANG_ANALYZER_NUMBER_OBJECT_CONVERSION = YES_AGGRESSIVE;
				CLANG_CXX_LANGUAGE_STANDARD = "gnu++20";
				CLANG_ENABLE_MODULES = YES;
				CLANG_ENABLE_OBJC_ARC = YES;
				CLANG_ENABLE_OBJC_WEAK = YES;
				CLANG_WARN_BLOCK_CAPTURE_AUTORELEASING = YES;
				CLANG_WARN_BOOL_CONVERSION = YES;
				CLANG_WARN_COMMA = YES;
				CLANG_WARN_CONSTANT_CONVERSION = YES;
				CLANG_WARN_DEPRECATED_OBJC_IMPLEMENTATIONS = YES;
				CLANG_WARN_DIRECT_OBJC_ISA_USAGE = YES_ERROR;
				CLANG_WARN_DOCUMENTATION_COMMENTS = YES;
				CLANG_WARN_EMPTY_BODY = YES;
				CLANG_WARN_ENUM_CONVERSION = YES;
				CLANG_WARN_INFINITE_RECURSION = YES;
				CLANG_WARN_INT_CONVERSION = YES;
				CLANG_WARN_NON_LITERAL_NULL_CONVERSION = YES;
				CLANG_WARN_OBJC_IMPLICIT_RETAIN_SELF = YES;
				CLANG_WARN_OBJC_LITERAL_CONVERSION = YES;
				CLANG_WARN_OBJC_ROOT_CLASS = YES_ERROR;
				CLANG_WARN_QUOTED_INCLUDE_IN_FRAMEWORK_HEADER = YES;
				CLANG_WARN_RANGE_LOOP_ANALYSIS = YES;
				CLANG_WARN_STRICT_PROTOTYPES = YES;
				CLANG_WARN_SUSPICIOUS_MOVE = YES;
				CLANG_WARN_UNGUARDED_AVAILABILITY = YES_AGGRESSIVE;
				CLANG_WARN_UNREACHABLE_CODE = YES;
				CLANG_WARN__DUPLICATE_METHOD_MATCH = YES;
				COPY_PHASE_STRIP = NO;
				DEBUG_INFORMATION_FORMAT = dwarf;
				ENABLE_STRICT_OBJC_MSGSEND = YES;
				ENABLE_TESTABILITY = YES;
				ENABLE_USER_SCRIPT_SANDBOXING = YES;
				GCC_C_LANGUAGE_STANDARD = gnu17;
				GCC_DYNAMIC_NO_PIC = NO;
				GCC_NO_COMMON_BLOCKS = YES;
				GCC_OPTIMIZATION_LEVEL = 0;
				GCC_PREPROCESSOR_DEFINITIONS = (
					"DEBUG=1",
					"$(inherited)",
				);
				GCC_WARN_64_TO_32_BIT_CONVERSION = YES;
				GCC_WARN_ABOUT_RETURN_TYPE = YES_ERROR;
				GCC_WARN_UNDECLARED_SELECTOR = YES;
				GCC_WARN_UNINITIALIZED_AUTOS = YES_AGGRESSIVE;
				GCC_WARN_UNUSED_FUNCTION = YES;
				GCC_WARN_UNUSED_VARIABLE = YES;
				IPHONEOS_DEPLOYMENT_TARGET = 18.2;
				LOCALIZATION_PREFERS_STRING_CATALOGS = YES;
				MTL_ENABLE_DEBUG_INFO = INCLUDE_SOURCE;
				MTL_FAST_MATH = YES;
				ONLY_ACTIVE_ARCH = YES;
				SDKROOT = iphoneos;
				SWIFT_ACTIVE_COMPILATION_CONDITIONS = "DEBUG $(inherited)";
				SWIFT_OPTIMIZATION_LEVEL = "-Onone";
			};
			name = Debug;
		};
		263CD1DD2DE43D920034A7E9 /* Release */ = {
			isa = XCBuildConfiguration;
			buildSettings = {
				ALWAYS_SEARCH_USER_PATHS = NO;
				ASSETCATALOG_COMPILER_GENERATE_SWIFT_ASSET_SYMBOL_EXTENSIONS = YES;
				CLANG_ANALYZER_NONNULL = YES;
				CLANG_ANALYZER_NUMBER_OBJECT_CONVERSION = YES_AGGRESSIVE;
				CLANG_CXX_LANGUAGE_STANDARD = "gnu++20";
				CLANG_ENABLE_MODULES = YES;
				CLANG_ENABLE_OBJC_ARC = YES;
				CLANG_ENABLE_OBJC_WEAK = YES;
				CLANG_WARN_BLOCK_CAPTURE_AUTORELEASING = YES;
				CLANG_WARN_BOOL_CONVERSION = YES;
				CLANG_WARN_COMMA = YES;
				CLANG_WARN_CONSTANT_CONVERSION = YES;
				CLANG_WARN_DEPRECATED_OBJC_IMPLEMENTATIONS = YES;
				CLANG_WARN_DIRECT_OBJC_ISA_USAGE = YES_ERROR;
				CLANG_WARN_DOCUMENTATION_COMMENTS = YES;
				CLANG_WARN_EMPTY_BODY = YES;
				CLANG_WARN_ENUM_CONVERSION = YES;
				CLANG_WARN_INFINITE_RECURSION = YES;
				CLANG_WARN_INT_CONVERSION = YES;
				CLANG_WARN_NON_LITERAL_NULL_CONVERSION = YES;
				CLANG_WARN_OBJC_IMPLICIT_RETAIN_SELF = YES;
				CLANG_WARN_OBJC_LITERAL_CONVERSION = YES;
				CLANG_WARN_OBJC_ROOT_CLASS = YES_ERROR;
				CLANG_WARN_QUOTED_INCLUDE_IN_FRAMEWORK_HEADER = YES;
				CLANG_WARN_RANGE_LOOP_ANALYSIS = YES;
				CLANG_WARN_STRICT_PROTOTYPES = YES;
				CLANG_WARN_SUSPICIOUS_MOVE = YES;
				CLANG_WARN_UNGUARDED_AVAILABILITY = YES_AGGRESSIVE;
				CLANG_WARN_UNREACHABLE_CODE = YES;
				CLANG_WARN__DUPLICATE_METHOD_MATCH = YES;
				COPY_PHASE_STRIP = NO;
				DEBUG_INFORMATION_FORMAT = "dwarf-with-dsym";
				ENABLE_NS_ASSERTIONS = NO;
				ENABLE_STRICT_OBJC_MSGSEND = YES;
				ENABLE_USER_SCRIPT_SANDBOXING = YES;
				GCC_C_LANGUAGE_STANDARD = gnu17;
				GCC_NO_COMMON_BLOCKS = YES;
				GCC_WARN_64_TO_32_BIT_CONVERSION = YES;
				GCC_WARN_ABOUT_RETURN_TYPE = YES_ERROR;
				GCC_WARN_UNDECLARED_SELECTOR = YES;
				GCC_WARN_UNINITIALIZED_AUTOS = YES_AGGRESSIVE;
				GCC_WARN_UNUSED_FUNCTION = YES;
				GCC_WARN_UNUSED_VARIABLE = YES;
				IPHONEOS_DEPLOYMENT_TARGET = 18.2;
				LOCALIZATION_PREFERS_STRING_CATALOGS = YES;
				MTL_ENABLE_DEBUG_INFO = NO;
				MTL_FAST_MATH = YES;
				SDKROOT = iphoneos;
				SWIFT_COMPILATION_MODE = wholemodule;
				VALIDATE_PRODUCT = YES;
			};
			name = Release;
		};
		263CD1DF2DE43D920034A7E9 /* Debug */ = {
			isa = XCBuildConfiguration;
			buildSettings = {
				ASSETCATALOG_COMPILER_APPICON_NAME = AppIcon;
				ASSETCATALOG_COMPILER_GLOBAL_ACCENT_COLOR_NAME = AccentColor;
				CODE_SIGN_STYLE = Automatic;
				CURRENT_PROJECT_VERSION = 1;
				DEVELOPMENT_ASSET_PATHS = "\"Trivialno/Preview Content\"";
				DEVELOPMENT_TEAM = P3CN3FWL4S;
				ENABLE_PREVIEWS = YES;
				GENERATE_INFOPLIST_FILE = YES;
				INFOPLIST_KEY_UIApplicationSceneManifest_Generation = YES;
				INFOPLIST_KEY_UIApplicationSupportsIndirectInputEvents = YES;
				INFOPLIST_KEY_UILaunchScreen_Generation = YES;
				INFOPLIST_KEY_UISupportedInterfaceOrientations_iPad = "UIInterfaceOrientationPortrait UIInterfaceOrientationPortraitUpsideDown UIInterfaceOrientationLandscapeLeft UIInterfaceOrientationLandscapeRight";
				INFOPLIST_KEY_UISupportedInterfaceOrientations_iPhone = "UIInterfaceOrientationPortrait UIInterfaceOrientationLandscapeLeft UIInterfaceOrientationLandscapeRight";
				LD_RUNPATH_SEARCH_PATHS = (
					"$(inherited)",
					"@executable_path/Frameworks",
				);
				MARKETING_VERSION = 1.0;
				PRODUCT_BUNDLE_IDENTIFIER = durcevicjuraj.Trivialno;
				PRODUCT_NAME = "$(TARGET_NAME)";
				SWIFT_EMIT_LOC_STRINGS = YES;
				SWIFT_VERSION = 5.0;
				TARGETED_DEVICE_FAMILY = "1,2";
			};
			name = Debug;
		};
		263CD1E02DE43D920034A7E9 /* Release */ = {
			isa = XCBuildConfiguration;
			buildSettings = {
				ASSETCATALOG_COMPILER_APPICON_NAME = AppIcon;
				ASSETCATALOG_COMPILER_GLOBAL_ACCENT_COLOR_NAME = AccentColor;
				CODE_SIGN_STYLE = Automatic;
				CURRENT_PROJECT_VERSION = 1;
				DEVELOPMENT_ASSET_PATHS = "\"Trivialno/Preview Content\"";
				DEVELOPMENT_TEAM = P3CN3FWL4S;
				ENABLE_PREVIEWS = YES;
				GENERATE_INFOPLIST_FILE = YES;
				INFOPLIST_KEY_UIApplicationSceneManifest_Generation = YES;
				INFOPLIST_KEY_UIApplicationSupportsIndirectInputEvents = YES;
				INFOPLIST_KEY_UILaunchScreen_Generation = YES;
				INFOPLIST_KEY_UISupportedInterfaceOrientations_iPad = "UIInterfaceOrientationPortrait UIInterfaceOrientationPortraitUpsideDown UIInterfaceOrientationLandscapeLeft UIInterfaceOrientationLandscapeRight";
				INFOPLIST_KEY_UISupportedInterfaceOrientations_iPhone = "UIInterfaceOrientationPortrait UIInterfaceOrientationLandscapeLeft UIInterfaceOrientationLandscapeRight";
				LD_RUNPATH_SEARCH_PATHS = (
					"$(inherited)",
					"@executable_path/Frameworks",
				);
				MARKETING_VERSION = 1.0;
				PRODUCT_BUNDLE_IDENTIFIER = durcevicjuraj.Trivialno;
				PRODUCT_NAME = "$(TARGET_NAME)";
				SWIFT_EMIT_LOC_STRINGS = YES;
				SWIFT_VERSION = 5.0;
				TARGETED_DEVICE_FAMILY = "1,2";
			};
			name = Release;
		};
		263CD1E22DE43D920034A7E9 /* Debug */ = {
			isa = XCBuildConfiguration;
			buildSettings = {
				BUNDLE_LOADER = "$(TEST_HOST)";
				CODE_SIGN_STYLE = Automatic;
				CURRENT_PROJECT_VERSION = 1;
				GENERATE_INFOPLIST_FILE = YES;
				IPHONEOS_DEPLOYMENT_TARGET = 18.2;
				MARKETING_VERSION = 1.0;
				PRODUCT_BUNDLE_IDENTIFIER = durcevicjuraj.TrivialnoTests;
				PRODUCT_NAME = "$(TARGET_NAME)";
				SWIFT_EMIT_LOC_STRINGS = NO;
				SWIFT_VERSION = 5.0;
				TARGETED_DEVICE_FAMILY = "1,2";
				TEST_HOST = "$(BUILT_PRODUCTS_DIR)/Trivialno.app/$(BUNDLE_EXECUTABLE_FOLDER_PATH)/Trivialno";
			};
			name = Debug;
		};
		263CD1E32DE43D920034A7E9 /* Release */ = {
			isa = XCBuildConfiguration;
			buildSettings = {
				BUNDLE_LOADER = "$(TEST_HOST)";
				CODE_SIGN_STYLE = Automatic;
				CURRENT_PROJECT_VERSION = 1;
				GENERATE_INFOPLIST_FILE = YES;
				IPHONEOS_DEPLOYMENT_TARGET = 18.2;
				MARKETING_VERSION = 1.0;
				PRODUCT_BUNDLE_IDENTIFIER = durcevicjuraj.TrivialnoTests;
				PRODUCT_NAME = "$(TARGET_NAME)";
				SWIFT_EMIT_LOC_STRINGS = NO;
				SWIFT_VERSION = 5.0;
				TARGETED_DEVICE_FAMILY = "1,2";
				TEST_HOST = "$(BUILT_PRODUCTS_DIR)/Trivialno.app/$(BUNDLE_EXECUTABLE_FOLDER_PATH)/Trivialno";
			};
			name = Release;
		};
		263CD1E52DE43D920034A7E9 /* Debug */ = {
			isa = XCBuildConfiguration;
			buildSettings = {
				CODE_SIGN_STYLE = Automatic;
				CURRENT_PROJECT_VERSION = 1;
				GENERATE_INFOPLIST_FILE = YES;
				MARKETING_VERSION = 1.0;
				PRODUCT_BUNDLE_IDENTIFIER = durcevicjuraj.TrivialnoUITests;
				PRODUCT_NAME = "$(TARGET_NAME)";
				SWIFT_EMIT_LOC_STRINGS = NO;
				SWIFT_VERSION = 5.0;
				TARGETED_DEVICE_FAMILY = "1,2";
				TEST_TARGET_NAME = Trivialno;
			};
			name = Debug;
		};
		263CD1E62DE43D920034A7E9 /* Release */ = {
			isa = XCBuildConfiguration;
			buildSettings = {
				CODE_SIGN_STYLE = Automatic;
				CURRENT_PROJECT_VERSION = 1;
				GENERATE_INFOPLIST_FILE = YES;
				MARKETING_VERSION = 1.0;
				PRODUCT_BUNDLE_IDENTIFIER = durcevicjuraj.TrivialnoUITests;
				PRODUCT_NAME = "$(TARGET_NAME)";
				SWIFT_EMIT_LOC_STRINGS = NO;
				SWIFT_VERSION = 5.0;
				TARGETED_DEVICE_FAMILY = "1,2";
				TEST_TARGET_NAME = Trivialno;
			};
			name = Release;
		};
/* End XCBuildConfiguration section */

/* Begin XCConfigurationList section */
		263CD1B52DE43D900034A7E9 /* Build configuration list for PBXProject "Trivialno" */ = {
			isa = XCConfigurationList;
			buildConfigurations = (
				263CD1DC2DE43D920034A7E9 /* Debug */,
				263CD1DD2DE43D920034A7E9 /* Release */,
			);
			defaultConfigurationIsVisible = 0;
			defaultConfigurationName = Release;
		};
		263CD1DE2DE43D920034A7E9 /* Build configuration list for PBXNativeTarget "Trivialno" */ = {
			isa = XCConfigurationList;
			buildConfigurations = (
				263CD1DF2DE43D920034A7E9 /* Debug */,
				263CD1E02DE43D920034A7E9 /* Release */,
			);
			defaultConfigurationIsVisible = 0;
			defaultConfigurationName = Release;
		};
		263CD1E12DE43D920034A7E9 /* Build configuration list for PBXNativeTarget "TrivialnoTests" */ = {
			isa = XCConfigurationList;
			buildConfigurations = (
				263CD1E22DE43D920034A7E9 /* Debug */,
				263CD1E32DE43D920034A7E9 /* Release */,
			);
			defaultConfigurationIsVisible = 0;
			defaultConfigurationName = Release;
		};
		263CD1E42DE43D920034A7E9 /* Build configuration list for PBXNativeTarget "TrivialnoUITests" */ = {
			isa = XCConfigurationList;
			buildConfigurations = (
				263CD1E52DE43D920034A7E9 /* Debug */,
				263CD1E62DE43D920034A7E9 /* Release */,
			);
			defaultConfigurationIsVisible = 0;
			defaultConfigurationName = Release;
		};
/* End XCConfigurationList section */

/* Begin XCRemoteSwiftPackageReference section */
		262EDDC62DE71AE9000EFA24 /* XCRemoteSwiftPackageReference "firebase-ios-sdk" */ = {
			isa = XCRemoteSwiftPackageReference;
			repositoryURL = "https://github.com/firebase/firebase-ios-sdk";
			requirement = {
				kind = upToNextMajorVersion;
				minimumVersion = 11.13.0;
			};
		};
/* End XCRemoteSwiftPackageReference section */

/* Begin XCSwiftPackageProductDependency section */
		262EDDC72DE71AE9000EFA24 /* FirebaseAuth */ = {
			isa = XCSwiftPackageProductDependency;
			package = 262EDDC62DE71AE9000EFA24 /* XCRemoteSwiftPackageReference "firebase-ios-sdk" */;
			productName = FirebaseAuth;
		};
		262EDDC92DE71AE9000EFA24 /* FirebaseDatabase */ = {
			isa = XCSwiftPackageProductDependency;
			package = 262EDDC62DE71AE9000EFA24 /* XCRemoteSwiftPackageReference "firebase-ios-sdk" */;
			productName = FirebaseDatabase;
		};
		262EDDCB2DE71AE9000EFA24 /* FirebaseFirestore */ = {
			isa = XCSwiftPackageProductDependency;
			package = 262EDDC62DE71AE9000EFA24 /* XCRemoteSwiftPackageReference "firebase-ios-sdk" */;
			productName = FirebaseFirestore;
		};
		2662666D2DF0F36100D271CE /* FirebaseStorage */ = {
			isa = XCSwiftPackageProductDependency;
			package = 262EDDC62DE71AE9000EFA24 /* XCRemoteSwiftPackageReference "firebase-ios-sdk" */;
			productName = FirebaseStorage;
		};
/* End XCSwiftPackageProductDependency section */
	};
	rootObject = 263CD1B22DE43D900034A7E9 /* Project object */;
}
